
Microsoft Visual Studio Solution File, Format Version 12.00
# Visual Studio Version 17
VisualStudioVersion = 17.8.34511.84
MinimumVisualStudioVersion = 10.0.40219.1
Project("{FAE04EC0-301F-11D3-BF4B-00C04F79EFBC}") = "CRMSystemAngularASPNET.Server", "CRMSystemAngularASPNET.Server\CRMSystemAngularASPNET.Server.csproj", "{0B38A9F6-062B-4ABF-841A-F673123CF44C}"
EndProject
Project("{54A90642-561A-4BB1-A94E-469ADEE60C69}") = "crmsystemangularaspnet.client", "crmsystemangularaspnet.client\crmsystemangularaspnet.client.esproj", "{0941232E-DE71-462C-A83F-57FCDC7A52D5}"
EndProject
Global
	GlobalSection(SolutionConfigurationPlatforms) = preSolution
		Debug|Any CPU = Debug|Any CPU
		Release|Any CPU = Release|Any CPU
	EndGlobalSection
	GlobalSection(ProjectConfigurationPlatforms) = postSolution
		{0B38A9F6-062B-4ABF-841A-F673123CF44C}.Debug|Any CPU.ActiveCfg = Debug|Any CPU
		{0B38A9F6-062B-4ABF-841A-F673123CF44C}.Debug|Any CPU.Build.0 = Debug|Any CPU
		{0B38A9F6-062B-4ABF-841A-F673123CF44C}.Release|Any CPU.ActiveCfg = Release|Any CPU
		{0B38A9F6-062B-4ABF-841A-F673123CF44C}.Release|Any CPU.Build.0 = Release|Any CPU
		{0941232E-DE71-462C-A83F-57FCDC7A52D5}.Debug|Any CPU.ActiveCfg = Debug|Any CPU
		{0941232E-DE71-462C-A83F-57FCDC7A52D5}.Debug|Any CPU.Build.0 = Debug|Any CPU
		{0941232E-DE71-462C-A83F-57FCDC7A52D5}.Debug|Any CPU.Deploy.0 = Debug|Any CPU
		{0941232E-DE71-462C-A83F-57FCDC7A52D5}.Release|Any CPU.ActiveCfg = Release|Any CPU
		{0941232E-DE71-462C-A83F-57FCDC7A52D5}.Release|Any CPU.Build.0 = Release|Any CPU
		{0941232E-DE71-462C-A83F-57FCDC7A52D5}.Release|Any CPU.Deploy.0 = Release|Any CPU
	EndGlobalSection
	GlobalSection(SolutionProperties) = preSolution
		HideSolutionNode = FALSE
	EndGlobalSection
	GlobalSection(ExtensibilityGlobals) = postSolution
		SolutionGuid = {B385E020-9C2F-46DC-B503-AD7589D0B57D}
	EndGlobalSection
EndGlobal
